
Microsoft Visual Studio Solution File, Format Version 12.00
# Visual Studio Version 17
VisualStudioVersion = 17.10.35027.167
MinimumVisualStudioVersion = 10.0.40219.1
Project("{FAE04EC0-301F-11D3-BF4B-00C04F79EFBC}") = "ProjetoPaises_WinForms", "ProjetoPaises_WinForms.csproj", "{2A65AF4B-C9DA-49DF-8DA7-89224C27177D}"
EndProject
Global
	GlobalSection(SolutionConfigurationPlatforms) = preSolution
		Debug|Any CPU = Debug|Any CPU
		Release|Any CPU = Release|Any CPU
	EndGlobalSection
	GlobalSection(ProjectConfigurationPlatforms) = postSolution
		{2A65AF4B-C9DA-49DF-8DA7-89224C27177D}.Debug|Any CPU.ActiveCfg = Debug|Any CPU
		{2A65AF4B-C9DA-49DF-8DA7-89224C27177D}.Debug|Any CPU.Build.0 = Debug|Any CPU
		{2A65AF4B-C9DA-49DF-8DA7-89224C27177D}.Release|Any CPU.ActiveCfg = Release|Any CPU
		{2A65AF4B-C9DA-49DF-8DA7-89224C27177D}.Release|Any CPU.Build.0 = Release|Any CPU
	EndGlobalSection
	GlobalSection(SolutionProperties) = preSolution
		HideSolutionNode = FALSE
	EndGlobalSection
	GlobalSection(ExtensibilityGlobals) = postSolution
		SolutionGuid = {A5A678F9-A3A0-4527-907D-A72134B66E58}
	EndGlobalSection
EndGlobal
